
Microsoft Visual Studio Solution File, Format Version 12.00
Project("{FAE04EC0-301F-11D3-BF4B-00C04F79EFBC}") = "ThroughputTests", "benchmark\ThroughputTests\ThroughputTests.csproj", "{83F7A4EC-E4D8-443A-AAB1-013C8C59D768}"
EndProject
Project("{FAE04EC0-301F-11D3-BF4B-00C04F79EFBC}") = "PublicApiBenchmarks", "benchmark\PublicApiBenchmarks\PublicApiBenchmarks.csproj", "{8E09F681-7175-4B56-AC97-C76A6AB8D09E}"
EndProject
Project("{2150E333-8FDC-42A3-9474-1A3956D46DE8}") = "benchmark", "benchmark", "{91DA142A-05A6-49F5-984E-811E9739E381}"
EndProject
Project("{2150E333-8FDC-42A3-9474-1A3956D46DE8}") = "Samples", "Samples", "{128B9004-F33F-4095-AE3A-C387B7999EB6}"
EndProject
Project("{FAE04EC0-301F-11D3-BF4B-00C04F79EFBC}") = "Echo", "samples\Echo\Echo.csproj", "{5913910C-6E40-4B9A-9088-33CED6F430DA}"
EndProject
Project("{FAE04EC0-301F-11D3-BF4B-00C04F79EFBC}") = "hello-net6.0", "samples\hello-net6.0\hello-net6.0.csproj", "{B948968A-0131-484F-883A-46B93EA09048}"
EndProject
Project("{FAE04EC0-301F-11D3-BF4B-00C04F79EFBC}") = "Samples", "samples\SimpleClientAndServer\Samples.csproj", "{AF115CE7-D8F6-482F-9C94-367D13A1A84F}"
EndProject
Project("{FAE04EC0-301F-11D3-BF4B-00C04F79EFBC}") = "MsQuicExampleInterop", "samples\MsQuicExampleInterop\MsQuicExampleInterop.csproj", "{BBB54FA7-0BE5-43E1-B1D3-2FDF6433BA3A}"
EndProject
Global
	GlobalSection(SolutionConfigurationPlatforms) = preSolution
		Debug|Any CPU = Debug|Any CPU
		Release|Any CPU = Release|Any CPU
	EndGlobalSection
	GlobalSection(ProjectConfigurationPlatforms) = postSolution
		{83F7A4EC-E4D8-443A-AAB1-013C8C59D768}.Debug|Any CPU.ActiveCfg = Debug|Any CPU
		{83F7A4EC-E4D8-443A-AAB1-013C8C59D768}.Debug|Any CPU.Build.0 = Debug|Any CPU
		{83F7A4EC-E4D8-443A-AAB1-013C8C59D768}.Release|Any CPU.ActiveCfg = Release|Any CPU
		{83F7A4EC-E4D8-443A-AAB1-013C8C59D768}.Release|Any CPU.Build.0 = Release|Any CPU
		{8E09F681-7175-4B56-AC97-C76A6AB8D09E}.Debug|Any CPU.ActiveCfg = Debug|Any CPU
		{8E09F681-7175-4B56-AC97-C76A6AB8D09E}.Debug|Any CPU.Build.0 = Debug|Any CPU
		{8E09F681-7175-4B56-AC97-C76A6AB8D09E}.Release|Any CPU.ActiveCfg = Release|Any CPU
		{8E09F681-7175-4B56-AC97-C76A6AB8D09E}.Release|Any CPU.Build.0 = Release|Any CPU
		{5913910C-6E40-4B9A-9088-33CED6F430DA}.Debug|Any CPU.ActiveCfg = Debug|Any CPU
		{5913910C-6E40-4B9A-9088-33CED6F430DA}.Debug|Any CPU.Build.0 = Debug|Any CPU
		{5913910C-6E40-4B9A-9088-33CED6F430DA}.Release|Any CPU.ActiveCfg = Release|Any CPU
		{5913910C-6E40-4B9A-9088-33CED6F430DA}.Release|Any CPU.Build.0 = Release|Any CPU
		{B948968A-0131-484F-883A-46B93EA09048}.Debug|Any CPU.ActiveCfg = Debug|Any CPU
		{B948968A-0131-484F-883A-46B93EA09048}.Debug|Any CPU.Build.0 = Debug|Any CPU
		{B948968A-0131-484F-883A-46B93EA09048}.Release|Any CPU.ActiveCfg = Release|Any CPU
		{B948968A-0131-484F-883A-46B93EA09048}.Release|Any CPU.Build.0 = Release|Any CPU
		{AF115CE7-D8F6-482F-9C94-367D13A1A84F}.Debug|Any CPU.ActiveCfg = Debug|Any CPU
		{AF115CE7-D8F6-482F-9C94-367D13A1A84F}.Debug|Any CPU.Build.0 = Debug|Any CPU
		{AF115CE7-D8F6-482F-9C94-367D13A1A84F}.Release|Any CPU.ActiveCfg = Release|Any CPU
		{AF115CE7-D8F6-482F-9C94-367D13A1A84F}.Release|Any CPU.Build.0 = Release|Any CPU
		{BBB54FA7-0BE5-43E1-B1D3-2FDF6433BA3A}.Debug|Any CPU.ActiveCfg = Debug|Any CPU
		{BBB54FA7-0BE5-43E1-B1D3-2FDF6433BA3A}.Debug|Any CPU.Build.0 = Debug|Any CPU
		{BBB54FA7-0BE5-43E1-B1D3-2FDF6433BA3A}.Release|Any CPU.ActiveCfg = Release|Any CPU
		{BBB54FA7-0BE5-43E1-B1D3-2FDF6433BA3A}.Release|Any CPU.Build.0 = Release|Any CPU
	EndGlobalSection
	GlobalSection(NestedProjects) = preSolution
		{8E09F681-7175-4B56-AC97-C76A6AB8D09E} = {91DA142A-05A6-49F5-984E-811E9739E381}
		{83F7A4EC-E4D8-443A-AAB1-013C8C59D768} = {91DA142A-05A6-49F5-984E-811E9739E381}
		{5913910C-6E40-4B9A-9088-33CED6F430DA} = {128B9004-F33F-4095-AE3A-C387B7999EB6}
		{B948968A-0131-484F-883A-46B93EA09048} = {128B9004-F33F-4095-AE3A-C387B7999EB6}
		{AF115CE7-D8F6-482F-9C94-367D13A1A84F} = {128B9004-F33F-4095-AE3A-C387B7999EB6}
		{BBB54FA7-0BE5-43E1-B1D3-2FDF6433BA3A} = {128B9004-F33F-4095-AE3A-C387B7999EB6}
	EndGlobalSection
EndGlobal
