
Microsoft Visual Studio Solution File, Format Version 12.00
# Visual Studio Version 16
VisualStudioVersion = 16.0.29905.134
MinimumVisualStudioVersion = 10.0.40219.1
Project("{9A19103F-16F7-4668-BE54-9A1E7A4F7556}") = "OpenSSLSandbox", "OpenSSLSandbox\OpenSSLSandbox.csproj", "{A5E1B5CE-7F2F-433C-859C-4998C88EA5FA}"
EndProject
Project("{FAE04EC0-301F-11D3-BF4B-00C04F79EFBC}") = "Tests", "Tests\Tests.csproj", "{CA36679D-C247-426C-AC78-F2870B6B797B}"
EndProject
Global
	GlobalSection(SolutionConfigurationPlatforms) = preSolution
		Release|Any CPU = Release|Any CPU
		Debug-Linux|Any CPU = Debug-Linux|Any CPU
		Debug-win32|Any CPU = Debug-win32|Any CPU
	EndGlobalSection
	GlobalSection(ProjectConfigurationPlatforms) = postSolution
		{A5E1B5CE-7F2F-433C-859C-4998C88EA5FA}.Release|Any CPU.ActiveCfg = Release|Any CPU
		{A5E1B5CE-7F2F-433C-859C-4998C88EA5FA}.Release|Any CPU.Build.0 = Release|Any CPU
		{A5E1B5CE-7F2F-433C-859C-4998C88EA5FA}.Debug-Linux|Any CPU.ActiveCfg = Debug-Linux|Any CPU
		{A5E1B5CE-7F2F-433C-859C-4998C88EA5FA}.Debug-Linux|Any CPU.Build.0 = Debug-Linux|Any CPU
		{A5E1B5CE-7F2F-433C-859C-4998C88EA5FA}.Debug-win32|Any CPU.ActiveCfg = Debug-win32|Any CPU
		{A5E1B5CE-7F2F-433C-859C-4998C88EA5FA}.Debug-win32|Any CPU.Build.0 = Debug-win32|Any CPU
		{CA36679D-C247-426C-AC78-F2870B6B797B}.Release|Any CPU.ActiveCfg = Release|Any CPU
		{CA36679D-C247-426C-AC78-F2870B6B797B}.Release|Any CPU.Build.0 = Release|Any CPU
		{CA36679D-C247-426C-AC78-F2870B6B797B}.Debug-Linux|Any CPU.ActiveCfg = Debug-Linux|Any CPU
		{CA36679D-C247-426C-AC78-F2870B6B797B}.Debug-Linux|Any CPU.Build.0 = Debug-Linux|Any CPU
		{CA36679D-C247-426C-AC78-F2870B6B797B}.Debug-win32|Any CPU.ActiveCfg = Debug-win32|Any CPU
		{CA36679D-C247-426C-AC78-F2870B6B797B}.Debug-win32|Any CPU.Build.0 = Debug-win32|Any CPU
	EndGlobalSection
	GlobalSection(SolutionProperties) = preSolution
		HideSolutionNode = FALSE
	EndGlobalSection
	GlobalSection(ExtensibilityGlobals) = postSolution
		SolutionGuid = {F7F43962-1531-420B-9ABA-73A4F1F454E1}
	EndGlobalSection
EndGlobal
